// !$*UTF8*$!
{
	archiveVersion = 1;
	classes = {
	};
	objectVersion = 46;
	objects = {

/* Begin PBXBuildFile section */
		C006B40D1B195C8000D59275 /* main.m in Sources */ = {isa = PBXBuildFile; fileRef = C006B40C1B195C8000D59275 /* main.m */; };
		C006B4101B195C8000D59275 /* AppDelegate.m in Sources */ = {isa = PBXBuildFile; fileRef = C006B40F1B195C8000D59275 /* AppDelegate.m */; };
		C006B4131B195C8000D59275 /* ViewController.m in Sources */ = {isa = PBXBuildFile; fileRef = C006B4121B195C8000D59275 /* ViewController.m */; };
		C006B4161B195C8000D59275 /* Main.storyboard in Resources */ = {isa = PBXBuildFile; fileRef = C006B4141B195C8000D59275 /* Main.storyboard */; };
		C006B4181B195C8000D59275 /* Images.xcassets in Resources */ = {isa = PBXBuildFile; fileRef = C006B4171B195C8000D59275 /* Images.xcassets */; };
		C006B41B1B195C8000D59275 /* LaunchScreen.xib in Resources */ = {isa = PBXBuildFile; fileRef = C006B4191B195C8000D59275 /* LaunchScreen.xib */; };
		C006B4271B195C8000D59275 /* TheRuSeeTests.m in Sources */ = {isa = PBXBuildFile; fileRef = C006B4261B195C8000D59275 /* TheRuSeeTests.m */; };
/* End PBXBuildFile section */

/* Begin PBXContainerItemProxy section */
		C006B4211B195C8000D59275 /* PBXContainerItemProxy */ = {
			isa = PBXContainerItemProxy;
			containerPortal = C006B3FF1B195C8000D59275 /* Project object */;
			proxyType = 1;
			remoteGlobalIDString = C006B4061B195C8000D59275;
			remoteInfo = TheRuSee;
		};
/* End PBXContainerItemProxy section */

/* Begin PBXFileReference section */
		C006B4071B195C8000D59275 /* TheRuSee.app */ = {isa = PBXFileReference; explicitFileType = wrapper.application; includeInIndex = 0; path = TheRuSee.app; sourceTree = BUILT_PRODUCTS_DIR; };
		C006B40B1B195C8000D59275 /* Info.plist */ = {isa = PBXFileReference; lastKnownFileType = text.plist.xml; path = Info.plist; sourceTree = "<group>"; };
		C006B40C1B195C8000D59275 /* main.m */ = {isa = PBXFileReference; lastKnownFileType = sourcecode.c.objc; path = main.m; sourceTree = "<group>"; };
		C006B40E1B195C8000D59275 /* AppDelegate.h */ = {isa = PBXFileReference; lastKnownFileType = sourcecode.c.h; path = AppDelegate.h; sourceTree = "<group>"; };
		C006B40F1B195C8000D59275 /* AppDelegate.m */ = {isa = PBXFileReference; lastKnownFileType = sourcecode.c.objc; path = AppDelegate.m; sourceTree = "<group>"; };
		C006B4111B195C8000D59275 /* ViewController.h */ = {isa = PBXFileReference; lastKnownFileType = sourcecode.c.h; path = ViewController.h; sourceTree = "<group>"; };
		C006B4121B195C8000D59275 /* ViewController.m */ = {isa = PBXFileReference; lastKnownFileType = sourcecode.c.objc; path = ViewController.m; sourceTree = "<group>"; };
		C006B4151B195C8000D59275 /* Base */ = {isa = PBXFileReference; lastKnownFileType = file.storyboard; name = Base; path = Base.lproj/Main.storyboard; sourceTree = "<group>"; };
		C006B4171B195C8000D59275 /* Images.xcassets */ = {isa = PBXFileReference; lastKnownFileType = folder.assetcatalog; path = Images.xcassets; sourceTree = "<group>"; };
		C006B41A1B195C8000D59275 /* Base */ = {isa = PBXFileReference; lastKnownFileType = file.xib; name = Base; path = Base.lproj/LaunchScreen.xib; sourceTree = "<group>"; };
		C006B4201B195C8000D59275 /* TheRuSeeTests.xctest */ = {isa = PBXFileReference; explicitFileType = wrapper.cfbundle; includeInIndex = 0; path = TheRuSeeTests.xctest; sourceTree = BUILT_PRODUCTS_DIR; };
		C006B4251B195C8000D59275 /* Info.plist */ = {isa = PBXFileReference; lastKnownFileType = text.plist.xml; path = Info.plist; sourceTree = "<group>"; };
		C006B4261B195C8000D59275 /* TheRuSeeTests.m */ = {isa = PBXFileReference; lastKnownFileType = sourcecode.c.objc; path = TheRuSeeTests.m; sourceTree = "<group>"; };
/* End PBXFileReference section */

/* Begin PBXFrameworksBuildPhase section */
		C006B4041B195C8000D59275 /* Frameworks */ = {
			isa = PBXFrameworksBuildPhase;
			buildActionMask = 2147483647;
			files = (
			);
			runOnlyForDeploymentPostprocessing = 0;
		};
		C006B41D1B195C8000D59275 /* Frameworks */ = {
			isa = PBXFrameworksBuildPhase;
			buildActionMask = 2147483647;
			files = (
			);
			runOnlyForDeploymentPostprocessing = 0;
		};
/* End PBXFrameworksBuildPhase section */

/* Begin PBXGroup section */
		C006B3FE1B195C8000D59275 = {
			isa = PBXGroup;
			children = (
				C006B4091B195C8000D59275 /* TheRuSee */,
				C006B4231B195C8000D59275 /* TheRuSeeTests */,
				C006B4081B195C8000D59275 /* Products */,
			);
			sourceTree = "<group>";
		};
		C006B4081B195C8000D59275 /* Products */ = {
			isa = PBXGroup;
			children = (
				C006B4071B195C8000D59275 /* TheRuSee.app */,
				C006B4201B195C8000D59275 /* TheRuSeeTests.xctest */,
			);
			name = Products;
			sourceTree = "<group>";
		};
		C006B4091B195C8000D59275 /* TheRuSee */ = {
			isa = PBXGroup;
			children = (
				C006B40E1B195C8000D59275 /* AppDelegate.h */,
				C006B40F1B195C8000D59275 /* AppDelegate.m */,
				C006B4111B195C8000D59275 /* ViewController.h */,
				C006B4121B195C8000D59275 /* ViewController.m */,
				C006B4141B195C8000D59275 /* Main.storyboard */,
				C006B4171B195C8000D59275 /* Images.xcassets */,
				C006B4191B195C8000D59275 /* LaunchScreen.xib */,
				C006B40A1B195C8000D59275 /* Supporting Files */,
			);
			path = TheRuSee;
			sourceTree = "<group>";
		};
		C006B40A1B195C8000D59275 /* Supporting Files */ = {
			isa = PBXGroup;
			children = (
				C006B40B1B195C8000D59275 /* Info.plist */,
				C006B40C1B195C8000D59275 /* main.m */,
			);
			name = "Supporting Files";
			sourceTree = "<group>";
		};
		C006B4231B195C8000D59275 /* TheRuSeeTests */ = {
			isa = PBXGroup;
			children = (
				C006B4261B195C8000D59275 /* TheRuSeeTests.m */,
				C006B4241B195C8000D59275 /* Supporting Files */,
			);
			path = TheRuSeeTests;
			sourceTree = "<group>";
		};
		C006B4241B195C8000D59275 /* Supporting Files */ = {
			isa = PBXGroup;
			children = (
				C006B4251B195C8000D59275 /* Info.plist */,
			);
			name = "Supporting Files";
			sourceTree = "<group>";
		};
/* End PBXGroup section */

/* Begin PBXNativeTarget section */
		C006B4061B195C8000D59275 /* TheRuSee */ = {
			isa = PBXNativeTarget;
			buildConfigurationList = C006B42A1B195C8000D59275 /* Build configuration list for PBXNativeTarget "TheRuSee" */;
			buildPhases = (
				C006B4031B195C8000D59275 /* Sources */,
				C006B4041B195C8000D59275 /* Frameworks */,
				C006B4051B195C8000D59275 /* Resources */,
			);
			buildRules = (
			);
			dependencies = (
			);
			name = TheRuSee;
			productName = TheRuSee;
			productReference = C006B4071B195C8000D59275 /* TheRuSee.app */;
			productType = "com.apple.product-type.application";
		};
		C006B41F1B195C8000D59275 /* TheRuSeeTests */ = {
			isa = PBXNativeTarget;
			buildConfigurationList = C006B42D1B195C8000D59275 /* Build configuration list for PBXNativeTarget "TheRuSeeTests" */;
			buildPhases = (
				C006B41C1B195C8000D59275 /* Sources */,
				C006B41D1B195C8000D59275 /* Frameworks */,
				C006B41E1B195C8000D59275 /* Resources */,
			);
			buildRules = (
			);
			dependencies = (
				C006B4221B195C8000D59275 /* PBXTargetDependency */,
			);
			name = TheRuSeeTests;
			productName = TheRuSeeTests;
			productReference = C006B4201B195C8000D59275 /* TheRuSeeTests.xctest */;
			productType = "com.apple.product-type.bundle.unit-test";
		};
/* End PBXNativeTarget section */

/* Begin PBXProject section */
		C006B3FF1B195C8000D59275 /* Project object */ = {
			isa = PBXProject;
			attributes = {
				LastUpgradeCheck = 0630;
				ORGANIZATIONNAME = SamSumSiCompany;
				TargetAttributes = {
					C006B4061B195C8000D59275 = {
						CreatedOnToolsVersion = 6.3.2;
					};
					C006B41F1B195C8000D59275 = {
						CreatedOnToolsVersion = 6.3.2;
						TestTargetID = C006B4061B195C8000D59275;
					};
				};
			};
			buildConfigurationList = C006B4021B195C8000D59275 /* Build configuration list for PBXProject "TheRuSee" */;
			compatibilityVersion = "Xcode 3.2";
			developmentRegion = English;
			hasScannedForEncodings = 0;
			knownRegions = (
				en,
				Base,
			);
			mainGroup = C006B3FE1B195C8000D59275;
			productRefGroup = C006B4081B195C8000D59275 /* Products */;
			projectDirPath = "";
			projectRoot = "";
			targets = (
				C006B4061B195C8000D59275 /* TheRuSee */,
				C006B41F1B195C8000D59275 /* TheRuSeeTests */,
			);
		};
/* End PBXProject section */

/* Begin PBXResourcesBuildPhase section */
		C006B4051B195C8000D59275 /* Resources */ = {
			isa = PBXResourcesBuildPhase;
			buildActionMask = 2147483647;
			files = (
				C006B4161B195C8000D59275 /* Main.storyboard in Resources */,
				C006B41B1B195C8000D59275 /* LaunchScreen.xib in Resources */,
				C006B4181B195C8000D59275 /* Images.xcassets in Resources */,
			);
			runOnlyForDeploymentPostprocessing = 0;
		};
		C006B41E1B195C8000D59275 /* Resources */ = {
			isa = PBXResourcesBuildPhase;
			buildActionMask = 2147483647;
			files = (
			);
			runOnlyForDeploymentPostprocessing = 0;
		};
/* End PBXResourcesBuildPhase section */

/* Begin PBXSourcesBuildPhase section */
		C006B4031B195C8000D59275 /* Sources */ = {
			isa = PBXSourcesBuildPhase;
			buildActionMask = 2147483647;
			files = (
				C006B4131B195C8000D59275 /* ViewController.m in Sources */,
				C006B4101B195C8000D59275 /* AppDelegate.m in Sources */,
				C006B40D1B195C8000D59275 /* main.m in Sources */,
			);
			runOnlyForDeploymentPostprocessing = 0;
		};
		C006B41C1B195C8000D59275 /* Sources */ = {
			isa = PBXSourcesBuildPhase;
			buildActionMask = 2147483647;
			files = (
				C006B4271B195C8000D59275 /* TheRuSeeTests.m in Sources */,
			);
			runOnlyForDeploymentPostprocessing = 0;
		};
/* End PBXSourcesBuildPhase section */

/* Begin PBXTargetDependency section */
		C006B4221B195C8000D59275 /* PBXTargetDependency */ = {
			isa = PBXTargetDependency;
			target = C006B4061B195C8000D59275 /* TheRuSee */;
			targetProxy = C006B4211B195C8000D59275 /* PBXContainerItemProxy */;
		};
/* End PBXTargetDependency section */

/* Begin PBXVariantGroup section */
		C006B4141B195C8000D59275 /* Main.storyboard */ = {
			isa = PBXVariantGroup;
			children = (
				C006B4151B195C8000D59275 /* Base */,
			);
			name = Main.storyboard;
			sourceTree = "<group>";
		};
		C006B4191B195C8000D59275 /* LaunchScreen.xib */ = {
			isa = PBXVariantGroup;
			children = (
				C006B41A1B195C8000D59275 /* Base */,
			);
			name = LaunchScreen.xib;
			sourceTree = "<group>";
		};
/* End PBXVariantGroup section */

/* Begin XCBuildConfiguration section */
		C006B4281B195C8000D59275 /* Debug */ = {
			isa = XCBuildConfiguration;
			buildSettings = {
				ALWAYS_SEARCH_USER_PATHS = NO;
				CLANG_CXX_LANGUAGE_STANDARD = "gnu++0x";
				CLANG_CXX_LIBRARY = "libc++";
				CLANG_ENABLE_MODULES = YES;
				CLANG_ENABLE_OBJC_ARC = YES;
				CLANG_WARN_BOOL_CONVERSION = YES;
				CLANG_WARN_CONSTANT_CONVERSION = YES;
				CLANG_WARN_DIRECT_OBJC_ISA_USAGE = YES_ERROR;
				CLANG_WARN_EMPTY_BODY = YES;
				CLANG_WARN_ENUM_CONVERSION = YES;
				CLANG_WARN_INT_CONVERSION = YES;
				CLANG_WARN_OBJC_ROOT_CLASS = YES_ERROR;
				CLANG_WARN_UNREACHABLE_CODE = YES;
				CLANG_WARN__DUPLICATE_METHOD_MATCH = YES;
				"CODE_SIGN_IDENTITY[sdk=iphoneos*]" = "iPhone Developer";
				COPY_PHASE_STRIP = NO;
				DEBUG_INFORMATION_FORMAT = "dwarf-with-dsym";
				ENABLE_STRICT_OBJC_MSGSEND = YES;
				GCC_C_LANGUAGE_STANDARD = gnu99;
				GCC_DYNAMIC_NO_PIC = NO;
				GCC_NO_COMMON_BLOCKS = YES;
				GCC_OPTIMIZATION_LEVEL = 0;
				GCC_PREPROCESSOR_DEFINITIONS = (
					"DEBUG=1",
					"$(inherited)",
				);
				GCC_SYMBOLS_PRIVATE_EXTERN = NO;
				GCC_WARN_64_TO_32_BIT_CONVERSION = YES;
				GCC_WARN_ABOUT_RETURN_TYPE = YES_ERROR;
				GCC_WARN_UNDECLARED_SELECTOR = YES;
				GCC_WARN_UNINITIALIZED_AUTOS = YES_AGGRESSIVE;
				GCC_WARN_UNUSED_FUNCTION = YES;
				GCC_WARN_UNUSED_VARIABLE = YES;
				IPHONEOS_DEPLOYMENT_TARGET = 8.3;
				MTL_ENABLE_DEBUG_INFO = YES;
				ONLY_ACTIVE_ARCH = YES;
				SDKROOT = iphoneos;
			};
			name = Debug;
		};
		C006B4291B195C8000D59275 /* Release */ = {
			isa = XCBuildConfiguration;
			buildSettings = {
				ALWAYS_SEARCH_USER_PATHS = NO;
				CLANG_CXX_LANGUAGE_STANDARD = "gnu++0x";
				CLANG_CXX_LIBRARY = "libc++";
				CLANG_ENABLE_MODULES = YES;
				CLANG_ENABLE_OBJC_ARC = YES;
				CLANG_WARN_BOOL_CONVERSION = YES;
				CLANG_WARN_CONSTANT_CONVERSION = YES;
				CLANG_WARN_DIRECT_OBJC_ISA_USAGE = YES_ERROR;
				CLANG_WARN_EMPTY_BODY = YES;
				CLANG_WARN_ENUM_CONVERSION = YES;
				CLANG_WARN_INT_CONVERSION = YES;
				CLANG_WARN_OBJC_ROOT_CLASS = YES_ERROR;
				CLANG_WARN_UNREACHABLE_CODE = YES;
				CLANG_WARN__DUPLICATE_METHOD_MATCH = YES;
				"CODE_SIGN_IDENTITY[sdk=iphoneos*]" = "iPhone Developer";
				COPY_PHASE_STRIP = NO;
				DEBUG_INFORMATION_FORMAT = "dwarf-with-dsym";
				ENABLE_NS_ASSERTIONS = NO;
				ENABLE_STRICT_OBJC_MSGSEND = YES;
				GCC_C_LANGUAGE_STANDARD = gnu99;
				GCC_NO_COMMON_BLOCKS = YES;
				GCC_WARN_64_TO_32_BIT_CONVERSION = YES;
				GCC_WARN_ABOUT_RETURN_TYPE = YES_ERROR;
				GCC_WARN_UNDECLARED_SELECTOR = YES;
				GCC_WARN_UNINITIALIZED_AUTOS = YES_AGGRESSIVE;
				GCC_WARN_UNUSED_FUNCTION = YES;
				GCC_WARN_UNUSED_VARIABLE = YES;
				IPHONEOS_DEPLOYMENT_TARGET = 8.3;
				MTL_ENABLE_DEBUG_INFO = NO;
				SDKROOT = iphoneos;
				VALIDATE_PRODUCT = YES;
			};
			name = Release;
		};
		C006B42B1B195C8000D59275 /* Debug */ = {
			isa = XCBuildConfiguration;
			buildSettings = {
				ASSETCATALOG_COMPILER_APPICON_NAME = AppIcon;
				INFOPLIST_FILE = TheRuSee/Info.plist;
				LD_RUNPATH_SEARCH_PATHS = "$(inherited) @executable_path/Frameworks";
				PRODUCT_NAME = "$(TARGET_NAME)";
			};
			name = Debug;
		};
		C006B42C1B195C8000D59275 /* Release */ = {
			isa = XCBuildConfiguration;
			buildSettings = {
				ASSETCATALOG_COMPILER_APPICON_NAME = AppIcon;
				INFOPLIST_FILE = TheRuSee/Info.plist;
				LD_RUNPATH_SEARCH_PATHS = "$(inherited) @executable_path/Frameworks";
				PRODUCT_NAME = "$(TARGET_NAME)";
			};
			name = Release;
		};
		C006B42E1B195C8000D59275 /* Debug */ = {
			isa = XCBuildConfiguration;
			buildSettings = {
				BUNDLE_LOADER = "$(TEST_HOST)";
				FRAMEWORK_SEARCH_PATHS = (
					"$(SDKROOT)/Developer/Library/Frameworks",
					"$(inherited)",
				);
				GCC_PREPROCESSOR_DEFINITIONS = (
					"DEBUG=1",
					"$(inherited)",
				);
				INFOPLIST_FILE = TheRuSeeTests/Info.plist;
				LD_RUNPATH_SEARCH_PATHS = "$(inherited) @executable_path/Frameworks @loader_path/Frameworks";
				PRODUCT_NAME = "$(TARGET_NAME)";
				TEST_HOST = "$(BUILT_PRODUCTS_DIR)/TheRuSee.app/TheRuSee";
			};
			name = Debug;
		};
		C006B42F1B195C8000D59275 /* Release */ = {
			isa = XCBuildConfiguration;
			buildSettings = {
				BUNDLE_LOADER = "$(TEST_HOST)";
				FRAMEWORK_SEARCH_PATHS = (
					"$(SDKROOT)/Developer/Library/Frameworks",
					"$(inherited)",
				);
				INFOPLIST_FILE = TheRuSeeTests/Info.plist;
				LD_RUNPATH_SEARCH_PATHS = "$(inherited) @executable_path/Frameworks @loader_path/Frameworks";
				PRODUCT_NAME = "$(TARGET_NAME)";
				TEST_HOST = "$(BUILT_PRODUCTS_DIR)/TheRuSee.app/TheRuSee";
			};
			name = Release;
		};
/* End XCBuildConfiguration section */

/* Begin XCConfigurationList section */
		C006B4021B195C8000D59275 /* Build configuration list for PBXProject "TheRuSee" */ = {
			isa = XCConfigurationList;
			buildConfigurations = (
				C006B4281B195C8000D59275 /* Debug */,
				C006B4291B195C8000D59275 /* Release */,
			);
			defaultConfigurationIsVisible = 0;
			defaultConfigurationName = Release;
		};
		C006B42A1B195C8000D59275 /* Build configuration list for PBXNativeTarget "TheRuSee" */ = {
			isa = XCConfigurationList;
			buildConfigurations = (
				C006B42B1B195C8000D59275 /* Debug */,
				C006B42C1B195C8000D59275 /* Release */,
			);
			defaultConfigurationIsVisible = 0;
		};
		C006B42D1B195C8000D59275 /* Build configuration list for PBXNativeTarget "TheRuSeeTests" */ = {
			isa = XCConfigurationList;
			buildConfigurations = (
				C006B42E1B195C8000D59275 /* Debug */,
				C006B42F1B195C8000D59275 /* Release */,
			);
			defaultConfigurationIsVisible = 0;
		};
/* End XCConfigurationList section */
	};
	rootObject = C006B3FF1B195C8000D59275 /* Project object */;
}
